
Microsoft Visual Studio Solution File, Format Version 12.00
Project("{FAE04EC0-301F-11D3-BF4B-00C04F79EFBC}") = "MessageBrokers", "MessageBrokers\MessageBrokers.csproj", "{7A770E88-29DD-4852-8E81-2AE417DE6170}"
EndProject
Project("{FAE04EC0-301F-11D3-BF4B-00C04F79EFBC}") = "MessageBrokers.Kafka", "MessageBrokers.Kafka\MessageBrokers.Kafka.csproj", "{1D104FDF-C04A-478C-BC5E-0192D9E503D9}"
EndProject
Project("{FAE04EC0-301F-11D3-BF4B-00C04F79EFBC}") = "MessageBrokers.Artemis", "MessageBrokers.Artemis\MessageBrokers.Artemis.csproj", "{65CB4620-BD85-4DC2-9A68-8CFABD31C9B7}"
EndProject
Project("{FAE04EC0-301F-11D3-BF4B-00C04F79EFBC}") = "Events", "Events\Events.csproj", "{17F9A7C9-2D18-4345-828C-A56F892AE46F}"
EndProject
Project("{FAE04EC0-301F-11D3-BF4B-00C04F79EFBC}") = "KafkaConsumeConsole", "Clients\KafkaConsumeConsole\KafkaConsumeConsole.csproj", "{F39F7C92-AC51-45D9-AC4B-A469021124D0}"
EndProject
Project("{2150E333-8FDC-42A3-9474-1A3956D46DE8}") = "Clients", "Clients", "{C755B9C4-F93C-4879-82D2-1C1A81E0A7D7}"
EndProject
Project("{FAE04EC0-301F-11D3-BF4B-00C04F79EFBC}") = "Hosting.Common", "Clients\Hosting.Common\Hosting.Common.csproj", "{1A2EDE28-E8D9-4D81-9AEA-1B1973E09F80}"
EndProject
Project("{FAE04EC0-301F-11D3-BF4B-00C04F79EFBC}") = "KafkaConsumeWorker", "Clients\KafkaConsumeWorker\KafkaConsumeWorker.csproj", "{8EFBAF82-D93E-45C8-9A50-1905B477215E}"
EndProject
Project("{FAE04EC0-301F-11D3-BF4B-00C04F79EFBC}") = "KafkaProduceConsole", "Clients\KafkaProduceConsole\KafkaProduceConsole.csproj", "{F1292852-082C-4D10-BB44-7A57B15DB634}"
EndProject
Project("{FAE04EC0-301F-11D3-BF4B-00C04F79EFBC}") = "Extensions.Options", "Extensions.Options\Extensions.Options.csproj", "{CE8F2E14-ACAD-4DDF-A535-5204493A243B}"
EndProject
Global
	GlobalSection(SolutionConfigurationPlatforms) = preSolution
		Debug|Any CPU = Debug|Any CPU
		Release|Any CPU = Release|Any CPU
	EndGlobalSection
	GlobalSection(ProjectConfigurationPlatforms) = postSolution
		{7A770E88-29DD-4852-8E81-2AE417DE6170}.Debug|Any CPU.ActiveCfg = Debug|Any CPU
		{7A770E88-29DD-4852-8E81-2AE417DE6170}.Debug|Any CPU.Build.0 = Debug|Any CPU
		{7A770E88-29DD-4852-8E81-2AE417DE6170}.Release|Any CPU.ActiveCfg = Release|Any CPU
		{7A770E88-29DD-4852-8E81-2AE417DE6170}.Release|Any CPU.Build.0 = Release|Any CPU
		{1D104FDF-C04A-478C-BC5E-0192D9E503D9}.Debug|Any CPU.ActiveCfg = Debug|Any CPU
		{1D104FDF-C04A-478C-BC5E-0192D9E503D9}.Debug|Any CPU.Build.0 = Debug|Any CPU
		{1D104FDF-C04A-478C-BC5E-0192D9E503D9}.Release|Any CPU.ActiveCfg = Release|Any CPU
		{1D104FDF-C04A-478C-BC5E-0192D9E503D9}.Release|Any CPU.Build.0 = Release|Any CPU
		{65CB4620-BD85-4DC2-9A68-8CFABD31C9B7}.Debug|Any CPU.ActiveCfg = Debug|Any CPU
		{65CB4620-BD85-4DC2-9A68-8CFABD31C9B7}.Debug|Any CPU.Build.0 = Debug|Any CPU
		{65CB4620-BD85-4DC2-9A68-8CFABD31C9B7}.Release|Any CPU.ActiveCfg = Release|Any CPU
		{65CB4620-BD85-4DC2-9A68-8CFABD31C9B7}.Release|Any CPU.Build.0 = Release|Any CPU
		{17F9A7C9-2D18-4345-828C-A56F892AE46F}.Debug|Any CPU.ActiveCfg = Debug|Any CPU
		{17F9A7C9-2D18-4345-828C-A56F892AE46F}.Debug|Any CPU.Build.0 = Debug|Any CPU
		{17F9A7C9-2D18-4345-828C-A56F892AE46F}.Release|Any CPU.ActiveCfg = Release|Any CPU
		{17F9A7C9-2D18-4345-828C-A56F892AE46F}.Release|Any CPU.Build.0 = Release|Any CPU
		{F39F7C92-AC51-45D9-AC4B-A469021124D0}.Debug|Any CPU.ActiveCfg = Debug|Any CPU
		{F39F7C92-AC51-45D9-AC4B-A469021124D0}.Debug|Any CPU.Build.0 = Debug|Any CPU
		{F39F7C92-AC51-45D9-AC4B-A469021124D0}.Release|Any CPU.ActiveCfg = Release|Any CPU
		{F39F7C92-AC51-45D9-AC4B-A469021124D0}.Release|Any CPU.Build.0 = Release|Any CPU
		{1A2EDE28-E8D9-4D81-9AEA-1B1973E09F80}.Debug|Any CPU.ActiveCfg = Debug|Any CPU
		{1A2EDE28-E8D9-4D81-9AEA-1B1973E09F80}.Debug|Any CPU.Build.0 = Debug|Any CPU
		{1A2EDE28-E8D9-4D81-9AEA-1B1973E09F80}.Release|Any CPU.ActiveCfg = Release|Any CPU
		{1A2EDE28-E8D9-4D81-9AEA-1B1973E09F80}.Release|Any CPU.Build.0 = Release|Any CPU
		{8EFBAF82-D93E-45C8-9A50-1905B477215E}.Debug|Any CPU.ActiveCfg = Debug|Any CPU
		{8EFBAF82-D93E-45C8-9A50-1905B477215E}.Debug|Any CPU.Build.0 = Debug|Any CPU
		{8EFBAF82-D93E-45C8-9A50-1905B477215E}.Release|Any CPU.ActiveCfg = Release|Any CPU
		{8EFBAF82-D93E-45C8-9A50-1905B477215E}.Release|Any CPU.Build.0 = Release|Any CPU
		{F1292852-082C-4D10-BB44-7A57B15DB634}.Debug|Any CPU.ActiveCfg = Debug|Any CPU
		{F1292852-082C-4D10-BB44-7A57B15DB634}.Debug|Any CPU.Build.0 = Debug|Any CPU
		{F1292852-082C-4D10-BB44-7A57B15DB634}.Release|Any CPU.ActiveCfg = Release|Any CPU
		{F1292852-082C-4D10-BB44-7A57B15DB634}.Release|Any CPU.Build.0 = Release|Any CPU
		{CE8F2E14-ACAD-4DDF-A535-5204493A243B}.Debug|Any CPU.ActiveCfg = Debug|Any CPU
		{CE8F2E14-ACAD-4DDF-A535-5204493A243B}.Debug|Any CPU.Build.0 = Debug|Any CPU
		{CE8F2E14-ACAD-4DDF-A535-5204493A243B}.Release|Any CPU.ActiveCfg = Release|Any CPU
		{CE8F2E14-ACAD-4DDF-A535-5204493A243B}.Release|Any CPU.Build.0 = Release|Any CPU
	EndGlobalSection
	GlobalSection(NestedProjects) = preSolution
		{F39F7C92-AC51-45D9-AC4B-A469021124D0} = {C755B9C4-F93C-4879-82D2-1C1A81E0A7D7}
		{1A2EDE28-E8D9-4D81-9AEA-1B1973E09F80} = {C755B9C4-F93C-4879-82D2-1C1A81E0A7D7}
		{8EFBAF82-D93E-45C8-9A50-1905B477215E} = {C755B9C4-F93C-4879-82D2-1C1A81E0A7D7}
		{F1292852-082C-4D10-BB44-7A57B15DB634} = {C755B9C4-F93C-4879-82D2-1C1A81E0A7D7}
	EndGlobalSection
EndGlobal
